{
    "_readme": [
        "This file locks the dependencies of your project to a known state",
        "Read more about it at https://getcomposer.org/doc/01-basic-usage.md#installing-dependencies",
        "This file is @generated automatically"
    ],
    "content-hash": "103b296a13eed329bf2f55a326d95920",
    "packages": [
        {
            "name": "coder999/google-analytics-integration",
            "version": "v0.1.0",
            "source": {
                "type": "git",
                "url": "https://github.com/coder999/google-analytics-integration.git",
                "reference": "b1048a66a55ca14b0a2a9fb8d679a0c0d9c2df99"
            },
            "dist": {
                "type": "zip",
                "url": "https://api.github.com/repos/coder999/google-analytics-integration/zipball/b1048a66a55ca14b0a2a9fb8d679a0c0d9c2df99",
                "reference": "b1048a66a55ca14b0a2a9fb8d679a0c0d9c2df99",
                "shasum": ""
            },
            "require": {
                "ext-curl": "*",
                "ext-json": "*",
                "ext-openssl": "*",
                "php": ">=8.1"
            },
            "require-dev": {
                "phpunit/phpunit": "^10.5"
            },
            "bin": [
                "bin/ga-provision"
            ],
            "type": "library",
            "autoload": {
                "psr-4": {
                    "Mtmd\\Ga4\\": "src/"
                }
            },
            "autoload-dev": {
                "psr-4": {
                    "Mtmd\\Ga4\\Tests\\": "tests/"
                }
            },
            "license": [
                "MIT"
            ],
            "description": "GA4 Data API reporting client, gtag renderer, and property provisioning CLI. No runtime dependencies, no database.",
            "support": {
                "source": "https://github.com/coder999/google-analytics-integration/tree/v0.1.0",
                "issues": "https://github.com/coder999/google-analytics-integration/issues"
            },
            "time": "2026-09-02T16:27:33+00:00"
        },
        {
            "name": "coder999/single-auth",
            "version": "v0.2.0",
            "source": {
                "type": "git",
                "url": "https://github.com/coder999/single-auth.git",
                "reference": "cf55dc08f1d5876196c549d76adf73f7e3c49d42"
            },
            "dist": {
                "type": "zip",
                "url": "https://api.github.com/repos/coder999/single-auth/zipball/cf55dc08f1d5876196c549d76adf73f7e3c49d42",
                "reference": "cf55dc08f1d5876196c549d76adf73f7e3c49d42",
                "shasum": ""
            },
            "require": {
                "ext-pdo": "*",
                "php": ">=8.1"
            },
            "require-dev": {
                "phpunit/phpunit": "^10.5"
            },
            "type": "library",
            "autoload": {
                "psr-4": {
                    "Mtmd\\SingleAuth\\": "src/"
                }
            },
            "autoload-dev": {
                "psr-4": {
                    "Mtmd\\SingleAuth\\Tests\\": "tests/"
                }
            },
            "license": [
                "proprietary"
            ],
            "description": "Shared PHP identity/session library for marktuttlemd.com and its subdomain apps",
            "support": {
                "source": "https://github.com/coder999/single-auth/tree/v0.2.0",
                "issues": "https://github.com/coder999/single-auth/issues"
            },
            "time": "2026-08-13T02:21:39+00:00"
        }
    ],
    "packages-dev": [],
    "aliases": [],
    "minimum-stability": "stable",
    "stability-flags": {},
    "prefer-stable": false,
    "prefer-lowest": false,
    "platform": {},
    "platform-dev": {},
    "plugin-api-version": "2.9.0"
}
